{"pluginAbiVersion":1,"plugins":[{"artifact":"artifacts/neutral-plugin.wakepkg.json","digest":"sha256:c1d46117c34e1edee15b2e6910bc66e5d548db8880d17cfdfb3fe81b5167e30e","packageId":"wake-neutral-release","source":{"commit":"3189fbb4289b62e1a39141ac35bbed27cad3ea27","kind":"git"},"version":"0.1.0"}],"schemaVersion":1}
