{"pluginAbiVersion":1,"plugins":[{"artifact":"artifacts/neutral-plugin.wakepkg.json","digest":"sha256:b085126e2902211afe4305ddeb42e88a563e146b70cb602b3c64d6cfea1ef835","packageId":"wake-neutral-release","source":{"commit":"3189fbb4289b62e1a39141ac35bbed27cad3ea27","kind":"git"},"version":"0.1.0"}],"schemaVersion":1}
