{"pluginAbiVersion":1,"plugins":[{"artifact":"artifacts/neutral-plugin.wakepkg.json","digest":"sha256:5d94feed93c27d3d00c14b5ad4e0349f59dfd2cdee73f513c3324e3699c1c6cb","packageId":"wake-neutral-release","source":{"commit":"3189fbb4289b62e1a39141ac35bbed27cad3ea27","kind":"git"},"version":"0.1.0"}],"schemaVersion":1}
